
Microsoft Visual Studio Solution File, Format Version 12.00
# Visual Studio 15
VisualStudioVersion = 15.0.28307.757
MinimumVisualStudioVersion = 10.0.40219.1
Project("{8BC9CEB8-8B4A-11D0-8D11-00A0C91BC942}") = "Freeglut", "Freeglut.vcxproj", "{35ABBD85-3209-49EB-8ABC-A3734C975D7F}"
EndProject
Global
	GlobalSection(SolutionConfigurationPlatforms) = preSolution
		Debug|x64 = Debug|x64
		Debug|x86 = Debug|x86
		Release|x64 = Release|x64
		Release|x86 = Release|x86
	EndGlobalSection
	GlobalSection(ProjectConfigurationPlatforms) = postSolution
		{35ABBD85-3209-49EB-8ABC-A3734C975D7F}.Debug|x64.ActiveCfg = Debug|x64
		{35ABBD85-3209-49EB-8ABC-A3734C975D7F}.Debug|x64.Build.0 = Debug|x64
		{35ABBD85-3209-49EB-8ABC-A3734C975D7F}.Debug|x86.ActiveCfg = Debug|Win32
		{35ABBD85-3209-49EB-8ABC-A3734C975D7F}.Debug|x86.Build.0 = Debug|Win32
		{35ABBD85-3209-49EB-8ABC-A3734C975D7F}.Release|x64.ActiveCfg = Release|x64
		{35ABBD85-3209-49EB-8ABC-A3734C975D7F}.Release|x64.Build.0 = Release|x64
		{35ABBD85-3209-49EB-8ABC-A3734C975D7F}.Release|x86.ActiveCfg = Release|Win32
		{35ABBD85-3209-49EB-8ABC-A3734C975D7F}.Release|x86.Build.0 = Release|Win32
	EndGlobalSection
	GlobalSection(SolutionProperties) = preSolution
		HideSolutionNode = FALSE
	EndGlobalSection
	GlobalSection(ExtensibilityGlobals) = postSolution
		SolutionGuid = {949B3454-9779-4935-BCF3-AF05E2EE8FA6}
	EndGlobalSection
EndGlobal
